
Microsoft Visual Studio Solution File, Format Version 12.00
# Visual Studio Version 16
VisualStudioVersion = 16.0.31605.320
MinimumVisualStudioVersion = 10.0.40219.1
Project("{8BC9CEB8-8B4A-11D0-8D11-00A0C91BC942}") = "paintersdilemma_cpp", "paintersdilemma_cpp\paintersdilemma.vcxproj", "{C6EF6F07-1066-410E-87EF-772768680B85}"
EndProject
Project("{2150E333-8FDC-42A3-9474-1A3956D46DE8}") = "Topic-01_no-prerequisites", "Topic-01_no-prerequisites", "{27331CFB-82CD-4A1C-B896-85B533349800}"
EndProject
Project("{2150E333-8FDC-42A3-9474-1A3956D46DE8}") = "lesson", "lesson", "{A663C20C-E0B6-40CF-9769-888863E82217}"
EndProject
Project("{2150E333-8FDC-42A3-9474-1A3956D46DE8}") = "tournament", "tournament", "{8E71E93F-49D6-4D2E-B3B0-17ABD36821F3}"
EndProject
Project("{2150E333-8FDC-42A3-9474-1A3956D46DE8}") = "practice", "practice", "{1075AC61-9CBF-4889-9039-6297BBBEE61A}"
EndProject
Project("{2150E333-8FDC-42A3-9474-1A3956D46DE8}") = "Topic-02_sorting-and-searching", "Topic-02_sorting-and-searching", "{6DA95793-4E25-4FCA-9C00-DD319E1E2F48}"
EndProject
Project("{2150E333-8FDC-42A3-9474-1A3956D46DE8}") = "lesson", "lesson", "{02946F75-4DAA-4C90-938D-9E116752B1C3}"
EndProject
Project("{2150E333-8FDC-42A3-9474-1A3956D46DE8}") = "practice", "practice", "{A8A674B2-24A0-4375-951A-13BBD4F1F7CA}"
EndProject
Project("{2150E333-8FDC-42A3-9474-1A3956D46DE8}") = "tournament", "tournament", "{E2396585-883C-452D-8BE0-299D31C95AC4}"
EndProject
Project("{8BC9CEB8-8B4A-11D0-8D11-00A0C91BC942}") = "dogwalking_cpp", "dogwalking_cpp\dogwalking.vcxproj", "{CEC02055-7747-4A0C-816C-17E16A32B450}"
EndProject
Project("{8BC9CEB8-8B4A-11D0-8D11-00A0C91BC942}") = "prisonsort_cpp", "prisonsort_cpp\prisonsort.vcxproj", "{231E9DE1-DB89-4016-A8D2-C21BC2E562BA}"
EndProject
Project("{8BC9CEB8-8B4A-11D0-8D11-00A0C91BC942}") = "lemonssort_cpp", "lemonssort_cpp\lemonssort.vcxproj", "{533CCAF2-7127-48EC-AD24-838997317885}"
EndProject
Project("{8BC9CEB8-8B4A-11D0-8D11-00A0C91BC942}") = "molecules_cpp", "molecules_cpp\moleculescpp.vcxproj", "{95BBFD45-1F9B-4A41-AF74-8471A1868645}"
EndProject
Project("{8BC9CEB8-8B4A-11D0-8D11-00A0C91BC942}") = "molecules_c", "molecules_c\molecules_in_c.vcxproj", "{784DFCA8-08E0-4B81-8705-D1A33813488D}"
EndProject
Project("{8BC9CEB8-8B4A-11D0-8D11-00A0C91BC942}") = "minimumpermutation_cpp", "minimumpermutation_cpp\minimumpermutation_cpp.vcxproj", "{01712216-365F-4380-9F7D-07CB8C3BA808}"
EndProject
Project("{2150E333-8FDC-42A3-9474-1A3956D46DE8}") = "Topic-03_dynamic-programming", "Topic-03_dynamic-programming", "{FBC4EC4E-659E-41FB-88F9-D6EDE868E3E7}"
EndProject
Project("{2150E333-8FDC-42A3-9474-1A3956D46DE8}") = "lesson", "lesson", "{F442DA33-5FCE-45C9-BB11-9CA14EF66616}"
EndProject
Project("{2150E333-8FDC-42A3-9474-1A3956D46DE8}") = "practice", "practice", "{E2656AF8-C2B9-4DEB-84C8-45E41B3698EE}"
EndProject
Project("{2150E333-8FDC-42A3-9474-1A3956D46DE8}") = "tournament", "tournament", "{32AD181E-370A-405E-87AE-3CEAB42B9764}"
EndProject
Project("{2150E333-8FDC-42A3-9474-1A3956D46DE8}") = "Topic-04_math", "Topic-04_math", "{1FD0483F-1DB4-4462-876F-36CAC28937AA}"
EndProject
Project("{2150E333-8FDC-42A3-9474-1A3956D46DE8}") = "lesson", "lesson", "{748D55F4-3007-4996-8BE3-1FA3C898721E}"
EndProject
Project("{2150E333-8FDC-42A3-9474-1A3956D46DE8}") = "practice", "practice", "{70C077AA-7DA7-4CC1-984B-D7D89560C132}"
EndProject
Project("{2150E333-8FDC-42A3-9474-1A3956D46DE8}") = "tournament", "tournament", "{3D47564D-D6AD-4616-B2FD-D8BF63C62476}"
EndProject
Project("{8BC9CEB8-8B4A-11D0-8D11-00A0C91BC942}") = "kabloom_cpp", "kabloom_cpp\kabloom_cpp.vcxproj", "{18BF82D4-5A2D-4EA3-A8D6-594946B9732E}"
EndProject
Project("{8BC9CEB8-8B4A-11D0-8D11-00A0C91BC942}") = "carspark_cpp", "carspark_cpp\carspark_cpp.vcxproj", "{61CD4C21-8299-4FE7-83DE-CEC31114D380}"
EndProject
Project("{888888A0-9F3D-457C-B088-3A5042F75D52}") = "stones_python", "stones_python\stones_python.pyproj", "{96851425-4A50-4F73-B481-B7B0E5EEDAAB}"
EndProject
Project("{2150E333-8FDC-42A3-9474-1A3956D46DE8}") = "Solution Items", "Solution Items", "{6DE2F819-5B45-4600-B9DB-735FFEE50BA5}"
	ProjectSection(SolutionItems) = preProject
		content.txt = content.txt
	EndProjectSection
EndProject
Project("{888888A0-9F3D-457C-B088-3A5042F75D52}") = "tacostand_python", "tacostand_python\tacostand_python.pyproj", "{69D37412-89EE-477F-811E-7AC41462C616}"
EndProject
Global
	GlobalSection(SolutionConfigurationPlatforms) = preSolution
		Debug|Any CPU = Debug|Any CPU
		Debug|x64 = Debug|x64
		Debug|x86 = Debug|x86
		Release|Any CPU = Release|Any CPU
		Release|x64 = Release|x64
		Release|x86 = Release|x86
	EndGlobalSection
	GlobalSection(ProjectConfigurationPlatforms) = postSolution
		{C6EF6F07-1066-410E-87EF-772768680B85}.Debug|Any CPU.ActiveCfg = Debug|Win32
		{C6EF6F07-1066-410E-87EF-772768680B85}.Debug|x64.ActiveCfg = Debug|x64
		{C6EF6F07-1066-410E-87EF-772768680B85}.Debug|x64.Build.0 = Debug|x64
		{C6EF6F07-1066-410E-87EF-772768680B85}.Debug|x86.ActiveCfg = Debug|Win32
		{C6EF6F07-1066-410E-87EF-772768680B85}.Debug|x86.Build.0 = Debug|Win32
		{C6EF6F07-1066-410E-87EF-772768680B85}.Release|Any CPU.ActiveCfg = Release|Win32
		{C6EF6F07-1066-410E-87EF-772768680B85}.Release|x64.ActiveCfg = Release|x64
		{C6EF6F07-1066-410E-87EF-772768680B85}.Release|x64.Build.0 = Release|x64
		{C6EF6F07-1066-410E-87EF-772768680B85}.Release|x86.ActiveCfg = Release|Win32
		{C6EF6F07-1066-410E-87EF-772768680B85}.Release|x86.Build.0 = Release|Win32
		{CEC02055-7747-4A0C-816C-17E16A32B450}.Debug|Any CPU.ActiveCfg = Debug|Win32
		{CEC02055-7747-4A0C-816C-17E16A32B450}.Debug|x64.ActiveCfg = Debug|x64
		{CEC02055-7747-4A0C-816C-17E16A32B450}.Debug|x64.Build.0 = Debug|x64
		{CEC02055-7747-4A0C-816C-17E16A32B450}.Debug|x86.ActiveCfg = Debug|Win32
		{CEC02055-7747-4A0C-816C-17E16A32B450}.Debug|x86.Build.0 = Debug|Win32
		{CEC02055-7747-4A0C-816C-17E16A32B450}.Release|Any CPU.ActiveCfg = Release|Win32
		{CEC02055-7747-4A0C-816C-17E16A32B450}.Release|x64.ActiveCfg = Release|x64
		{CEC02055-7747-4A0C-816C-17E16A32B450}.Release|x64.Build.0 = Release|x64
		{CEC02055-7747-4A0C-816C-17E16A32B450}.Release|x86.ActiveCfg = Release|Win32
		{CEC02055-7747-4A0C-816C-17E16A32B450}.Release|x86.Build.0 = Release|Win32
		{231E9DE1-DB89-4016-A8D2-C21BC2E562BA}.Debug|Any CPU.ActiveCfg = Debug|Win32
		{231E9DE1-DB89-4016-A8D2-C21BC2E562BA}.Debug|x64.ActiveCfg = Debug|x64
		{231E9DE1-DB89-4016-A8D2-C21BC2E562BA}.Debug|x64.Build.0 = Debug|x64
		{231E9DE1-DB89-4016-A8D2-C21BC2E562BA}.Debug|x86.ActiveCfg = Debug|Win32
		{231E9DE1-DB89-4016-A8D2-C21BC2E562BA}.Debug|x86.Build.0 = Debug|Win32
		{231E9DE1-DB89-4016-A8D2-C21BC2E562BA}.Release|Any CPU.ActiveCfg = Release|Win32
		{231E9DE1-DB89-4016-A8D2-C21BC2E562BA}.Release|x64.ActiveCfg = Release|x64
		{231E9DE1-DB89-4016-A8D2-C21BC2E562BA}.Release|x64.Build.0 = Release|x64
		{231E9DE1-DB89-4016-A8D2-C21BC2E562BA}.Release|x86.ActiveCfg = Release|Win32
		{231E9DE1-DB89-4016-A8D2-C21BC2E562BA}.Release|x86.Build.0 = Release|Win32
		{533CCAF2-7127-48EC-AD24-838997317885}.Debug|Any CPU.ActiveCfg = Debug|Win32
		{533CCAF2-7127-48EC-AD24-838997317885}.Debug|x64.ActiveCfg = Debug|x64
		{533CCAF2-7127-48EC-AD24-838997317885}.Debug|x64.Build.0 = Debug|x64
		{533CCAF2-7127-48EC-AD24-838997317885}.Debug|x86.ActiveCfg = Debug|Win32
		{533CCAF2-7127-48EC-AD24-838997317885}.Debug|x86.Build.0 = Debug|Win32
		{533CCAF2-7127-48EC-AD24-838997317885}.Release|Any CPU.ActiveCfg = Release|Win32
		{533CCAF2-7127-48EC-AD24-838997317885}.Release|x64.ActiveCfg = Release|x64
		{533CCAF2-7127-48EC-AD24-838997317885}.Release|x64.Build.0 = Release|x64
		{533CCAF2-7127-48EC-AD24-838997317885}.Release|x86.ActiveCfg = Release|Win32
		{533CCAF2-7127-48EC-AD24-838997317885}.Release|x86.Build.0 = Release|Win32
		{95BBFD45-1F9B-4A41-AF74-8471A1868645}.Debug|Any CPU.ActiveCfg = Debug|Win32
		{95BBFD45-1F9B-4A41-AF74-8471A1868645}.Debug|x64.ActiveCfg = Debug|x64
		{95BBFD45-1F9B-4A41-AF74-8471A1868645}.Debug|x64.Build.0 = Debug|x64
		{95BBFD45-1F9B-4A41-AF74-8471A1868645}.Debug|x86.ActiveCfg = Debug|Win32
		{95BBFD45-1F9B-4A41-AF74-8471A1868645}.Debug|x86.Build.0 = Debug|Win32
		{95BBFD45-1F9B-4A41-AF74-8471A1868645}.Release|Any CPU.ActiveCfg = Release|Win32
		{95BBFD45-1F9B-4A41-AF74-8471A1868645}.Release|x64.ActiveCfg = Release|x64
		{95BBFD45-1F9B-4A41-AF74-8471A1868645}.Release|x64.Build.0 = Release|x64
		{95BBFD45-1F9B-4A41-AF74-8471A1868645}.Release|x86.ActiveCfg = Release|Win32
		{95BBFD45-1F9B-4A41-AF74-8471A1868645}.Release|x86.Build.0 = Release|Win32
		{784DFCA8-08E0-4B81-8705-D1A33813488D}.Debug|Any CPU.ActiveCfg = Debug|Win32
		{784DFCA8-08E0-4B81-8705-D1A33813488D}.Debug|x64.ActiveCfg = Debug|x64
		{784DFCA8-08E0-4B81-8705-D1A33813488D}.Debug|x64.Build.0 = Debug|x64
		{784DFCA8-08E0-4B81-8705-D1A33813488D}.Debug|x86.ActiveCfg = Debug|Win32
		{784DFCA8-08E0-4B81-8705-D1A33813488D}.Debug|x86.Build.0 = Debug|Win32
		{784DFCA8-08E0-4B81-8705-D1A33813488D}.Release|Any CPU.ActiveCfg = Release|Win32
		{784DFCA8-08E0-4B81-8705-D1A33813488D}.Release|x64.ActiveCfg = Release|x64
		{784DFCA8-08E0-4B81-8705-D1A33813488D}.Release|x64.Build.0 = Release|x64
		{784DFCA8-08E0-4B81-8705-D1A33813488D}.Release|x86.ActiveCfg = Release|Win32
		{784DFCA8-08E0-4B81-8705-D1A33813488D}.Release|x86.Build.0 = Release|Win32
		{01712216-365F-4380-9F7D-07CB8C3BA808}.Debug|Any CPU.ActiveCfg = Debug|Win32
		{01712216-365F-4380-9F7D-07CB8C3BA808}.Debug|x64.ActiveCfg = Debug|x64
		{01712216-365F-4380-9F7D-07CB8C3BA808}.Debug|x64.Build.0 = Debug|x64
		{01712216-365F-4380-9F7D-07CB8C3BA808}.Debug|x86.ActiveCfg = Debug|Win32
		{01712216-365F-4380-9F7D-07CB8C3BA808}.Debug|x86.Build.0 = Debug|Win32
		{01712216-365F-4380-9F7D-07CB8C3BA808}.Release|Any CPU.ActiveCfg = Release|Win32
		{01712216-365F-4380-9F7D-07CB8C3BA808}.Release|x64.ActiveCfg = Release|x64
		{01712216-365F-4380-9F7D-07CB8C3BA808}.Release|x64.Build.0 = Release|x64
		{01712216-365F-4380-9F7D-07CB8C3BA808}.Release|x86.ActiveCfg = Release|Win32
		{01712216-365F-4380-9F7D-07CB8C3BA808}.Release|x86.Build.0 = Release|Win32
		{18BF82D4-5A2D-4EA3-A8D6-594946B9732E}.Debug|Any CPU.ActiveCfg = Debug|Win32
		{18BF82D4-5A2D-4EA3-A8D6-594946B9732E}.Debug|x64.ActiveCfg = Debug|x64
		{18BF82D4-5A2D-4EA3-A8D6-594946B9732E}.Debug|x64.Build.0 = Debug|x64
		{18BF82D4-5A2D-4EA3-A8D6-594946B9732E}.Debug|x86.ActiveCfg = Debug|Win32
		{18BF82D4-5A2D-4EA3-A8D6-594946B9732E}.Debug|x86.Build.0 = Debug|Win32
		{18BF82D4-5A2D-4EA3-A8D6-594946B9732E}.Release|Any CPU.ActiveCfg = Release|Win32
		{18BF82D4-5A2D-4EA3-A8D6-594946B9732E}.Release|x64.ActiveCfg = Release|x64
		{18BF82D4-5A2D-4EA3-A8D6-594946B9732E}.Release|x64.Build.0 = Release|x64
		{18BF82D4-5A2D-4EA3-A8D6-594946B9732E}.Release|x86.ActiveCfg = Release|Win32
		{18BF82D4-5A2D-4EA3-A8D6-594946B9732E}.Release|x86.Build.0 = Release|Win32
		{61CD4C21-8299-4FE7-83DE-CEC31114D380}.Debug|Any CPU.ActiveCfg = Debug|Win32
		{61CD4C21-8299-4FE7-83DE-CEC31114D380}.Debug|x64.ActiveCfg = Debug|x64
		{61CD4C21-8299-4FE7-83DE-CEC31114D380}.Debug|x64.Build.0 = Debug|x64
		{61CD4C21-8299-4FE7-83DE-CEC31114D380}.Debug|x86.ActiveCfg = Debug|Win32
		{61CD4C21-8299-4FE7-83DE-CEC31114D380}.Debug|x86.Build.0 = Debug|Win32
		{61CD4C21-8299-4FE7-83DE-CEC31114D380}.Release|Any CPU.ActiveCfg = Release|Win32
		{61CD4C21-8299-4FE7-83DE-CEC31114D380}.Release|x64.ActiveCfg = Release|x64
		{61CD4C21-8299-4FE7-83DE-CEC31114D380}.Release|x64.Build.0 = Release|x64
		{61CD4C21-8299-4FE7-83DE-CEC31114D380}.Release|x86.ActiveCfg = Release|Win32
		{61CD4C21-8299-4FE7-83DE-CEC31114D380}.Release|x86.Build.0 = Release|Win32
		{96851425-4A50-4F73-B481-B7B0E5EEDAAB}.Debug|Any CPU.ActiveCfg = Debug|Any CPU
		{96851425-4A50-4F73-B481-B7B0E5EEDAAB}.Debug|x64.ActiveCfg = Debug|Any CPU
		{96851425-4A50-4F73-B481-B7B0E5EEDAAB}.Debug|x86.ActiveCfg = Debug|Any CPU
		{96851425-4A50-4F73-B481-B7B0E5EEDAAB}.Release|Any CPU.ActiveCfg = Release|Any CPU
		{96851425-4A50-4F73-B481-B7B0E5EEDAAB}.Release|x64.ActiveCfg = Release|Any CPU
		{96851425-4A50-4F73-B481-B7B0E5EEDAAB}.Release|x86.ActiveCfg = Release|Any CPU
		{69D37412-89EE-477F-811E-7AC41462C616}.Debug|Any CPU.ActiveCfg = Debug|Any CPU
		{69D37412-89EE-477F-811E-7AC41462C616}.Debug|x64.ActiveCfg = Debug|Any CPU
		{69D37412-89EE-477F-811E-7AC41462C616}.Debug|x86.ActiveCfg = Debug|Any CPU
		{69D37412-89EE-477F-811E-7AC41462C616}.Release|Any CPU.ActiveCfg = Release|Any CPU
		{69D37412-89EE-477F-811E-7AC41462C616}.Release|x64.ActiveCfg = Release|Any CPU
		{69D37412-89EE-477F-811E-7AC41462C616}.Release|x86.ActiveCfg = Release|Any CPU
	EndGlobalSection
	GlobalSection(SolutionProperties) = preSolution
		HideSolutionNode = FALSE
	EndGlobalSection
	GlobalSection(NestedProjects) = preSolution
		{C6EF6F07-1066-410E-87EF-772768680B85} = {8E71E93F-49D6-4D2E-B3B0-17ABD36821F3}
		{A663C20C-E0B6-40CF-9769-888863E82217} = {27331CFB-82CD-4A1C-B896-85B533349800}
		{8E71E93F-49D6-4D2E-B3B0-17ABD36821F3} = {27331CFB-82CD-4A1C-B896-85B533349800}
		{1075AC61-9CBF-4889-9039-6297BBBEE61A} = {27331CFB-82CD-4A1C-B896-85B533349800}
		{02946F75-4DAA-4C90-938D-9E116752B1C3} = {6DA95793-4E25-4FCA-9C00-DD319E1E2F48}
		{A8A674B2-24A0-4375-951A-13BBD4F1F7CA} = {6DA95793-4E25-4FCA-9C00-DD319E1E2F48}
		{E2396585-883C-452D-8BE0-299D31C95AC4} = {6DA95793-4E25-4FCA-9C00-DD319E1E2F48}
		{CEC02055-7747-4A0C-816C-17E16A32B450} = {02946F75-4DAA-4C90-938D-9E116752B1C3}
		{231E9DE1-DB89-4016-A8D2-C21BC2E562BA} = {E2396585-883C-452D-8BE0-299D31C95AC4}
		{533CCAF2-7127-48EC-AD24-838997317885} = {E2396585-883C-452D-8BE0-299D31C95AC4}
		{95BBFD45-1F9B-4A41-AF74-8471A1868645} = {A663C20C-E0B6-40CF-9769-888863E82217}
		{784DFCA8-08E0-4B81-8705-D1A33813488D} = {A663C20C-E0B6-40CF-9769-888863E82217}
		{01712216-365F-4380-9F7D-07CB8C3BA808} = {E2396585-883C-452D-8BE0-299D31C95AC4}
		{F442DA33-5FCE-45C9-BB11-9CA14EF66616} = {FBC4EC4E-659E-41FB-88F9-D6EDE868E3E7}
		{E2656AF8-C2B9-4DEB-84C8-45E41B3698EE} = {FBC4EC4E-659E-41FB-88F9-D6EDE868E3E7}
		{32AD181E-370A-405E-87AE-3CEAB42B9764} = {FBC4EC4E-659E-41FB-88F9-D6EDE868E3E7}
		{748D55F4-3007-4996-8BE3-1FA3C898721E} = {1FD0483F-1DB4-4462-876F-36CAC28937AA}
		{70C077AA-7DA7-4CC1-984B-D7D89560C132} = {1FD0483F-1DB4-4462-876F-36CAC28937AA}
		{3D47564D-D6AD-4616-B2FD-D8BF63C62476} = {1FD0483F-1DB4-4462-876F-36CAC28937AA}
		{18BF82D4-5A2D-4EA3-A8D6-594946B9732E} = {F442DA33-5FCE-45C9-BB11-9CA14EF66616}
		{61CD4C21-8299-4FE7-83DE-CEC31114D380} = {F442DA33-5FCE-45C9-BB11-9CA14EF66616}
		{96851425-4A50-4F73-B481-B7B0E5EEDAAB} = {8E71E93F-49D6-4D2E-B3B0-17ABD36821F3}
		{69D37412-89EE-477F-811E-7AC41462C616} = {8E71E93F-49D6-4D2E-B3B0-17ABD36821F3}
	EndGlobalSection
	GlobalSection(ExtensibilityGlobals) = postSolution
		SolutionGuid = {4930EF74-AC38-4AF4-BC18-1083B7FC13FE}
	EndGlobalSection
EndGlobal
